
Microsoft Visual Studio Solution File, Format Version 12.00
# Visual Studio Version 17
VisualStudioVersion = 17.0.32112.339
MinimumVisualStudioVersion = 10.0.40219.1
Project("{FAE04EC0-301F-11D3-BF4B-00C04F79EFBC}") = "Installation Agent", "Installation Agent\Installation Agent.csproj", "{573AEF98-2430-40AE-ACCD-F8ACE4BEAD7C}"
EndProject
Project("{9A19103F-16F7-4668-BE54-9A1E7A4F7556}") = "Installation.Communication", "Installation.Communication\Installation.Communication.csproj", "{C6D71117-0060-4294-9D78-6C0E5495EED5}"
EndProject
Project("{FAE04EC0-301F-11D3-BF4B-00C04F79EFBC}") = "Installation.Service", "Installation.Service\Installation.Service.csproj", "{F8BDC69A-3CD8-4F5B-BD0B-9C62A971F058}"
EndProject
Project("{FAE04EC0-301F-11D3-BF4B-00C04F79EFBC}") = "Installation.Controller", "Installation.Controller\Installation.Controller.csproj", "{66A7B69B-76CD-417C-AD7F-BBAABAC5F3E0}"
EndProject
Project("{FAE04EC0-301F-11D3-BF4B-00C04F79EFBC}") = "Installation.BackgroundAgent", "Installation.BackgroundAgent\Installation.BackgroundAgent.csproj", "{FFA3690C-F7E0-4209-AFC7-24826FD11D13}"
EndProject
Project("{FAE04EC0-301F-11D3-BF4B-00C04F79EFBC}") = "Installation.Storage", "Installation.Storage\Installation.Storage.csproj", "{82C46568-244A-4AC1-87AF-CB1E55990AC5}"
EndProject
Project("{FAE04EC0-301F-11D3-BF4B-00C04F79EFBC}") = "Installation.Parser", "Installation.Parser\Installation.Parser.csproj", "{62F8D1E0-3E02-4F31-A71D-7501E3D8CA20}"
EndProject
Project("{FAE04EC0-301F-11D3-BF4B-00C04F79EFBC}") = "Installation.Models", "Installation.Models\Installation.Models.csproj", "{CC707C57-86E0-47EB-B86C-06A0AD5A772A}"
EndProject
Project("{FAE04EC0-301F-11D3-BF4B-00C04F79EFBC}") = "Installation.Executors", "Installation.Executors\Installation.Executors.csproj", "{79E77457-22FF-4BD7-B5C9-3293EF504157}"
EndProject
Project("{930C7802-8A8C-48F9-8165-68863BCCD9DD}") = "Installation.Installer", "Installation.Installer\Installation.Installer.wixproj", "{8589A005-EE28-477F-8C8D-C718ADB62944}"
EndProject
Project("{FAE04EC0-301F-11D3-BF4B-00C04F79EFBC}") = "Installation Agent Configurator", "Installation Agent Configurator\Installation Agent Configurator.csproj", "{DA9F282A-E4CF-4FBA-8172-4B4B21F9F532}"
EndProject
Global
	GlobalSection(SolutionConfigurationPlatforms) = preSolution
		Debug|Any CPU = Debug|Any CPU
		Debug|x64 = Debug|x64
		Debug|x86 = Debug|x86
		Release|Any CPU = Release|Any CPU
		Release|x64 = Release|x64
		Release|x86 = Release|x86
	EndGlobalSection
	GlobalSection(ProjectConfigurationPlatforms) = postSolution
		{573AEF98-2430-40AE-ACCD-F8ACE4BEAD7C}.Debug|Any CPU.ActiveCfg = Debug|Any CPU
		{573AEF98-2430-40AE-ACCD-F8ACE4BEAD7C}.Debug|Any CPU.Build.0 = Debug|Any CPU
		{573AEF98-2430-40AE-ACCD-F8ACE4BEAD7C}.Debug|x64.ActiveCfg = Debug|x64
		{573AEF98-2430-40AE-ACCD-F8ACE4BEAD7C}.Debug|x64.Build.0 = Debug|x64
		{573AEF98-2430-40AE-ACCD-F8ACE4BEAD7C}.Debug|x86.ActiveCfg = Debug|Any CPU
		{573AEF98-2430-40AE-ACCD-F8ACE4BEAD7C}.Debug|x86.Build.0 = Debug|Any CPU
		{573AEF98-2430-40AE-ACCD-F8ACE4BEAD7C}.Release|Any CPU.ActiveCfg = Release|Any CPU
		{573AEF98-2430-40AE-ACCD-F8ACE4BEAD7C}.Release|Any CPU.Build.0 = Release|Any CPU
		{573AEF98-2430-40AE-ACCD-F8ACE4BEAD7C}.Release|x64.ActiveCfg = Release|x64
		{573AEF98-2430-40AE-ACCD-F8ACE4BEAD7C}.Release|x64.Build.0 = Release|x64
		{573AEF98-2430-40AE-ACCD-F8ACE4BEAD7C}.Release|x86.ActiveCfg = Release|Any CPU
		{573AEF98-2430-40AE-ACCD-F8ACE4BEAD7C}.Release|x86.Build.0 = Release|Any CPU
		{C6D71117-0060-4294-9D78-6C0E5495EED5}.Debug|Any CPU.ActiveCfg = Debug|Any CPU
		{C6D71117-0060-4294-9D78-6C0E5495EED5}.Debug|Any CPU.Build.0 = Debug|Any CPU
		{C6D71117-0060-4294-9D78-6C0E5495EED5}.Debug|x64.ActiveCfg = Debug|x64
		{C6D71117-0060-4294-9D78-6C0E5495EED5}.Debug|x64.Build.0 = Debug|x64
		{C6D71117-0060-4294-9D78-6C0E5495EED5}.Debug|x86.ActiveCfg = Debug|Any CPU
		{C6D71117-0060-4294-9D78-6C0E5495EED5}.Debug|x86.Build.0 = Debug|Any CPU
		{C6D71117-0060-4294-9D78-6C0E5495EED5}.Release|Any CPU.ActiveCfg = Release|Any CPU
		{C6D71117-0060-4294-9D78-6C0E5495EED5}.Release|Any CPU.Build.0 = Release|Any CPU
		{C6D71117-0060-4294-9D78-6C0E5495EED5}.Release|x64.ActiveCfg = Release|x64
		{C6D71117-0060-4294-9D78-6C0E5495EED5}.Release|x64.Build.0 = Release|x64
		{C6D71117-0060-4294-9D78-6C0E5495EED5}.Release|x86.ActiveCfg = Release|Any CPU
		{C6D71117-0060-4294-9D78-6C0E5495EED5}.Release|x86.Build.0 = Release|Any CPU
		{F8BDC69A-3CD8-4F5B-BD0B-9C62A971F058}.Debug|Any CPU.ActiveCfg = Debug|Any CPU
		{F8BDC69A-3CD8-4F5B-BD0B-9C62A971F058}.Debug|Any CPU.Build.0 = Debug|Any CPU
		{F8BDC69A-3CD8-4F5B-BD0B-9C62A971F058}.Debug|x64.ActiveCfg = Debug|x64
		{F8BDC69A-3CD8-4F5B-BD0B-9C62A971F058}.Debug|x64.Build.0 = Debug|x64
		{F8BDC69A-3CD8-4F5B-BD0B-9C62A971F058}.Debug|x86.ActiveCfg = Debug|Any CPU
		{F8BDC69A-3CD8-4F5B-BD0B-9C62A971F058}.Debug|x86.Build.0 = Debug|Any CPU
		{F8BDC69A-3CD8-4F5B-BD0B-9C62A971F058}.Release|Any CPU.ActiveCfg = Release|Any CPU
		{F8BDC69A-3CD8-4F5B-BD0B-9C62A971F058}.Release|Any CPU.Build.0 = Release|Any CPU
		{F8BDC69A-3CD8-4F5B-BD0B-9C62A971F058}.Release|x64.ActiveCfg = Release|x64
		{F8BDC69A-3CD8-4F5B-BD0B-9C62A971F058}.Release|x64.Build.0 = Release|x64
		{F8BDC69A-3CD8-4F5B-BD0B-9C62A971F058}.Release|x86.ActiveCfg = Release|Any CPU
		{F8BDC69A-3CD8-4F5B-BD0B-9C62A971F058}.Release|x86.Build.0 = Release|Any CPU
		{66A7B69B-76CD-417C-AD7F-BBAABAC5F3E0}.Debug|Any CPU.ActiveCfg = Debug|Any CPU
		{66A7B69B-76CD-417C-AD7F-BBAABAC5F3E0}.Debug|Any CPU.Build.0 = Debug|Any CPU
		{66A7B69B-76CD-417C-AD7F-BBAABAC5F3E0}.Debug|x64.ActiveCfg = Debug|x64
		{66A7B69B-76CD-417C-AD7F-BBAABAC5F3E0}.Debug|x64.Build.0 = Debug|x64
		{66A7B69B-76CD-417C-AD7F-BBAABAC5F3E0}.Debug|x86.ActiveCfg = Debug|Any CPU
		{66A7B69B-76CD-417C-AD7F-BBAABAC5F3E0}.Debug|x86.Build.0 = Debug|Any CPU
		{66A7B69B-76CD-417C-AD7F-BBAABAC5F3E0}.Release|Any CPU.ActiveCfg = Release|Any CPU
		{66A7B69B-76CD-417C-AD7F-BBAABAC5F3E0}.Release|Any CPU.Build.0 = Release|Any CPU
		{66A7B69B-76CD-417C-AD7F-BBAABAC5F3E0}.Release|x64.ActiveCfg = Release|x64
		{66A7B69B-76CD-417C-AD7F-BBAABAC5F3E0}.Release|x64.Build.0 = Release|x64
		{66A7B69B-76CD-417C-AD7F-BBAABAC5F3E0}.Release|x86.ActiveCfg = Release|Any CPU
		{66A7B69B-76CD-417C-AD7F-BBAABAC5F3E0}.Release|x86.Build.0 = Release|Any CPU
		{FFA3690C-F7E0-4209-AFC7-24826FD11D13}.Debug|Any CPU.ActiveCfg = Debug|Any CPU
		{FFA3690C-F7E0-4209-AFC7-24826FD11D13}.Debug|Any CPU.Build.0 = Debug|Any CPU
		{FFA3690C-F7E0-4209-AFC7-24826FD11D13}.Debug|x64.ActiveCfg = Debug|x64
		{FFA3690C-F7E0-4209-AFC7-24826FD11D13}.Debug|x64.Build.0 = Debug|x64
		{FFA3690C-F7E0-4209-AFC7-24826FD11D13}.Debug|x86.ActiveCfg = Debug|Any CPU
		{FFA3690C-F7E0-4209-AFC7-24826FD11D13}.Debug|x86.Build.0 = Debug|Any CPU
		{FFA3690C-F7E0-4209-AFC7-24826FD11D13}.Release|Any CPU.ActiveCfg = Release|Any CPU
		{FFA3690C-F7E0-4209-AFC7-24826FD11D13}.Release|Any CPU.Build.0 = Release|Any CPU
		{FFA3690C-F7E0-4209-AFC7-24826FD11D13}.Release|x64.ActiveCfg = Release|x64
		{FFA3690C-F7E0-4209-AFC7-24826FD11D13}.Release|x64.Build.0 = Release|x64
		{FFA3690C-F7E0-4209-AFC7-24826FD11D13}.Release|x86.ActiveCfg = Release|Any CPU
		{FFA3690C-F7E0-4209-AFC7-24826FD11D13}.Release|x86.Build.0 = Release|Any CPU
		{82C46568-244A-4AC1-87AF-CB1E55990AC5}.Debug|Any CPU.ActiveCfg = Debug|Any CPU
		{82C46568-244A-4AC1-87AF-CB1E55990AC5}.Debug|Any CPU.Build.0 = Debug|Any CPU
		{82C46568-244A-4AC1-87AF-CB1E55990AC5}.Debug|x64.ActiveCfg = Debug|x64
		{82C46568-244A-4AC1-87AF-CB1E55990AC5}.Debug|x64.Build.0 = Debug|x64
		{82C46568-244A-4AC1-87AF-CB1E55990AC5}.Debug|x86.ActiveCfg = Debug|Any CPU
		{82C46568-244A-4AC1-87AF-CB1E55990AC5}.Debug|x86.Build.0 = Debug|Any CPU
		{82C46568-244A-4AC1-87AF-CB1E55990AC5}.Release|Any CPU.ActiveCfg = Release|Any CPU
		{82C46568-244A-4AC1-87AF-CB1E55990AC5}.Release|Any CPU.Build.0 = Release|Any CPU
		{82C46568-244A-4AC1-87AF-CB1E55990AC5}.Release|x64.ActiveCfg = Release|x64
		{82C46568-244A-4AC1-87AF-CB1E55990AC5}.Release|x64.Build.0 = Release|x64
		{82C46568-244A-4AC1-87AF-CB1E55990AC5}.Release|x86.ActiveCfg = Release|Any CPU
		{82C46568-244A-4AC1-87AF-CB1E55990AC5}.Release|x86.Build.0 = Release|Any CPU
		{62F8D1E0-3E02-4F31-A71D-7501E3D8CA20}.Debug|Any CPU.ActiveCfg = Debug|Any CPU
		{62F8D1E0-3E02-4F31-A71D-7501E3D8CA20}.Debug|Any CPU.Build.0 = Debug|Any CPU
		{62F8D1E0-3E02-4F31-A71D-7501E3D8CA20}.Debug|x64.ActiveCfg = Debug|x64
		{62F8D1E0-3E02-4F31-A71D-7501E3D8CA20}.Debug|x64.Build.0 = Debug|x64
		{62F8D1E0-3E02-4F31-A71D-7501E3D8CA20}.Debug|x86.ActiveCfg = Debug|Any CPU
		{62F8D1E0-3E02-4F31-A71D-7501E3D8CA20}.Debug|x86.Build.0 = Debug|Any CPU
		{62F8D1E0-3E02-4F31-A71D-7501E3D8CA20}.Release|Any CPU.ActiveCfg = Release|Any CPU
		{62F8D1E0-3E02-4F31-A71D-7501E3D8CA20}.Release|Any CPU.Build.0 = Release|Any CPU
		{62F8D1E0-3E02-4F31-A71D-7501E3D8CA20}.Release|x64.ActiveCfg = Release|x64
		{62F8D1E0-3E02-4F31-A71D-7501E3D8CA20}.Release|x64.Build.0 = Release|x64
		{62F8D1E0-3E02-4F31-A71D-7501E3D8CA20}.Release|x86.ActiveCfg = Release|Any CPU
		{62F8D1E0-3E02-4F31-A71D-7501E3D8CA20}.Release|x86.Build.0 = Release|Any CPU
		{CC707C57-86E0-47EB-B86C-06A0AD5A772A}.Debug|Any CPU.ActiveCfg = Debug|Any CPU
		{CC707C57-86E0-47EB-B86C-06A0AD5A772A}.Debug|Any CPU.Build.0 = Debug|Any CPU
		{CC707C57-86E0-47EB-B86C-06A0AD5A772A}.Debug|x64.ActiveCfg = Debug|x64
		{CC707C57-86E0-47EB-B86C-06A0AD5A772A}.Debug|x64.Build.0 = Debug|x64
		{CC707C57-86E0-47EB-B86C-06A0AD5A772A}.Debug|x86.ActiveCfg = Debug|Any CPU
		{CC707C57-86E0-47EB-B86C-06A0AD5A772A}.Debug|x86.Build.0 = Debug|Any CPU
		{CC707C57-86E0-47EB-B86C-06A0AD5A772A}.Release|Any CPU.ActiveCfg = Release|Any CPU
		{CC707C57-86E0-47EB-B86C-06A0AD5A772A}.Release|Any CPU.Build.0 = Release|Any CPU
		{CC707C57-86E0-47EB-B86C-06A0AD5A772A}.Release|x64.ActiveCfg = Release|x64
		{CC707C57-86E0-47EB-B86C-06A0AD5A772A}.Release|x64.Build.0 = Release|x64
		{CC707C57-86E0-47EB-B86C-06A0AD5A772A}.Release|x86.ActiveCfg = Release|Any CPU
		{CC707C57-86E0-47EB-B86C-06A0AD5A772A}.Release|x86.Build.0 = Release|Any CPU
		{79E77457-22FF-4BD7-B5C9-3293EF504157}.Debug|Any CPU.ActiveCfg = Debug|Any CPU
		{79E77457-22FF-4BD7-B5C9-3293EF504157}.Debug|Any CPU.Build.0 = Debug|Any CPU
		{79E77457-22FF-4BD7-B5C9-3293EF504157}.Debug|x64.ActiveCfg = Debug|x64
		{79E77457-22FF-4BD7-B5C9-3293EF504157}.Debug|x64.Build.0 = Debug|x64
		{79E77457-22FF-4BD7-B5C9-3293EF504157}.Debug|x86.ActiveCfg = Debug|Any CPU
		{79E77457-22FF-4BD7-B5C9-3293EF504157}.Debug|x86.Build.0 = Debug|Any CPU
		{79E77457-22FF-4BD7-B5C9-3293EF504157}.Release|Any CPU.ActiveCfg = Release|Any CPU
		{79E77457-22FF-4BD7-B5C9-3293EF504157}.Release|Any CPU.Build.0 = Release|Any CPU
		{79E77457-22FF-4BD7-B5C9-3293EF504157}.Release|x64.ActiveCfg = Release|x64
		{79E77457-22FF-4BD7-B5C9-3293EF504157}.Release|x64.Build.0 = Release|x64
		{79E77457-22FF-4BD7-B5C9-3293EF504157}.Release|x86.ActiveCfg = Release|Any CPU
		{79E77457-22FF-4BD7-B5C9-3293EF504157}.Release|x86.Build.0 = Release|Any CPU
		{8589A005-EE28-477F-8C8D-C718ADB62944}.Debug|Any CPU.ActiveCfg = Debug|x86
		{8589A005-EE28-477F-8C8D-C718ADB62944}.Debug|Any CPU.Build.0 = Debug|x86
		{8589A005-EE28-477F-8C8D-C718ADB62944}.Debug|x64.ActiveCfg = Debug|x86
		{8589A005-EE28-477F-8C8D-C718ADB62944}.Debug|x64.Build.0 = Debug|x86
		{8589A005-EE28-477F-8C8D-C718ADB62944}.Debug|x86.ActiveCfg = Debug|x86
		{8589A005-EE28-477F-8C8D-C718ADB62944}.Debug|x86.Build.0 = Debug|x86
		{8589A005-EE28-477F-8C8D-C718ADB62944}.Release|Any CPU.ActiveCfg = Release|x86
		{8589A005-EE28-477F-8C8D-C718ADB62944}.Release|Any CPU.Build.0 = Release|x86
		{8589A005-EE28-477F-8C8D-C718ADB62944}.Release|x64.ActiveCfg = Release|x86
		{8589A005-EE28-477F-8C8D-C718ADB62944}.Release|x64.Build.0 = Release|x86
		{8589A005-EE28-477F-8C8D-C718ADB62944}.Release|x86.ActiveCfg = Release|x86
		{8589A005-EE28-477F-8C8D-C718ADB62944}.Release|x86.Build.0 = Release|x86
		{DA9F282A-E4CF-4FBA-8172-4B4B21F9F532}.Debug|Any CPU.ActiveCfg = Debug|Any CPU
		{DA9F282A-E4CF-4FBA-8172-4B4B21F9F532}.Debug|Any CPU.Build.0 = Debug|Any CPU
		{DA9F282A-E4CF-4FBA-8172-4B4B21F9F532}.Debug|x64.ActiveCfg = Debug|Any CPU
		{DA9F282A-E4CF-4FBA-8172-4B4B21F9F532}.Debug|x64.Build.0 = Debug|Any CPU
		{DA9F282A-E4CF-4FBA-8172-4B4B21F9F532}.Debug|x86.ActiveCfg = Debug|Any CPU
		{DA9F282A-E4CF-4FBA-8172-4B4B21F9F532}.Debug|x86.Build.0 = Debug|Any CPU
		{DA9F282A-E4CF-4FBA-8172-4B4B21F9F532}.Release|Any CPU.ActiveCfg = Release|Any CPU
		{DA9F282A-E4CF-4FBA-8172-4B4B21F9F532}.Release|Any CPU.Build.0 = Release|Any CPU
		{DA9F282A-E4CF-4FBA-8172-4B4B21F9F532}.Release|x64.ActiveCfg = Release|Any CPU
		{DA9F282A-E4CF-4FBA-8172-4B4B21F9F532}.Release|x64.Build.0 = Release|Any CPU
		{DA9F282A-E4CF-4FBA-8172-4B4B21F9F532}.Release|x86.ActiveCfg = Release|Any CPU
		{DA9F282A-E4CF-4FBA-8172-4B4B21F9F532}.Release|x86.Build.0 = Release|Any CPU
	EndGlobalSection
	GlobalSection(SolutionProperties) = preSolution
		HideSolutionNode = FALSE
	EndGlobalSection
	GlobalSection(ExtensibilityGlobals) = postSolution
		SolutionGuid = {87E80F16-714F-4C73-B311-08AFDC6F6A3C}
	EndGlobalSection
EndGlobal
